
Microsoft Visual Studio Solution File, Format Version 12.00
# Visual Studio Version 16
VisualStudioVersion = 16.6.30114.105
MinimumVisualStudioVersion = 10.0.40219.1
Project("{FAE04EC0-301F-11D3-BF4B-00C04F79EFBC}") = "Games.Domain", "Domain\Games.Domain.csproj", "{044414D2-BEE0-44F8-8FC9-8F7276350FD6}"
EndProject
Project("{FAE04EC0-301F-11D3-BF4B-00C04F79EFBC}") = "Games.Api", "Api\Api.csproj", "{841461A2-39F9-4B68-9D42-62B339DDA1DE}"
EndProject
Global
	GlobalSection(SolutionConfigurationPlatforms) = preSolution
		Debug|Any CPU = Debug|Any CPU
		Debug|x64 = Debug|x64
		Debug|x86 = Debug|x86
		Release|Any CPU = Release|Any CPU
		Release|x64 = Release|x64
		Release|x86 = Release|x86
	EndGlobalSection
	GlobalSection(SolutionProperties) = preSolution
		HideSolutionNode = FALSE
	EndGlobalSection
	GlobalSection(ProjectConfigurationPlatforms) = postSolution
		{044414D2-BEE0-44F8-8FC9-8F7276350FD6}.Debug|Any CPU.ActiveCfg = Debug|Any CPU
		{044414D2-BEE0-44F8-8FC9-8F7276350FD6}.Debug|Any CPU.Build.0 = Debug|Any CPU
		{044414D2-BEE0-44F8-8FC9-8F7276350FD6}.Debug|x64.ActiveCfg = Debug|Any CPU
		{044414D2-BEE0-44F8-8FC9-8F7276350FD6}.Debug|x64.Build.0 = Debug|Any CPU
		{044414D2-BEE0-44F8-8FC9-8F7276350FD6}.Debug|x86.ActiveCfg = Debug|Any CPU
		{044414D2-BEE0-44F8-8FC9-8F7276350FD6}.Debug|x86.Build.0 = Debug|Any CPU
		{044414D2-BEE0-44F8-8FC9-8F7276350FD6}.Release|Any CPU.ActiveCfg = Release|Any CPU
		{044414D2-BEE0-44F8-8FC9-8F7276350FD6}.Release|Any CPU.Build.0 = Release|Any CPU
		{044414D2-BEE0-44F8-8FC9-8F7276350FD6}.Release|x64.ActiveCfg = Release|Any CPU
		{044414D2-BEE0-44F8-8FC9-8F7276350FD6}.Release|x64.Build.0 = Release|Any CPU
		{044414D2-BEE0-44F8-8FC9-8F7276350FD6}.Release|x86.ActiveCfg = Release|Any CPU
		{044414D2-BEE0-44F8-8FC9-8F7276350FD6}.Release|x86.Build.0 = Release|Any CPU
		{841461A2-39F9-4B68-9D42-62B339DDA1DE}.Debug|Any CPU.ActiveCfg = Debug|Any CPU
		{841461A2-39F9-4B68-9D42-62B339DDA1DE}.Debug|Any CPU.Build.0 = Debug|Any CPU
		{841461A2-39F9-4B68-9D42-62B339DDA1DE}.Debug|x64.ActiveCfg = Debug|Any CPU
		{841461A2-39F9-4B68-9D42-62B339DDA1DE}.Debug|x64.Build.0 = Debug|Any CPU
		{841461A2-39F9-4B68-9D42-62B339DDA1DE}.Debug|x86.ActiveCfg = Debug|Any CPU
		{841461A2-39F9-4B68-9D42-62B339DDA1DE}.Debug|x86.Build.0 = Debug|Any CPU
		{841461A2-39F9-4B68-9D42-62B339DDA1DE}.Release|Any CPU.ActiveCfg = Release|Any CPU
		{841461A2-39F9-4B68-9D42-62B339DDA1DE}.Release|Any CPU.Build.0 = Release|Any CPU
		{841461A2-39F9-4B68-9D42-62B339DDA1DE}.Release|x64.ActiveCfg = Release|Any CPU
		{841461A2-39F9-4B68-9D42-62B339DDA1DE}.Release|x64.Build.0 = Release|Any CPU
		{841461A2-39F9-4B68-9D42-62B339DDA1DE}.Release|x86.ActiveCfg = Release|Any CPU
		{841461A2-39F9-4B68-9D42-62B339DDA1DE}.Release|x86.Build.0 = Release|Any CPU
	EndGlobalSection
EndGlobal
